
Microsoft Visual Studio Solution File, Format Version 12.00
# Visual Studio Version 17
VisualStudioVersion = 17.10.35013.160
MinimumVisualStudioVersion = 10.0.40219.1
Project("{9A19103F-16F7-4668-BE54-9A1E7A4F7556}") = "MagicVilla_VillaAPI", "MagicVilla_VillaAPI\MagicVilla_VillaAPI.csproj", "{54FB9AE3-A1C0-41CC-9C05-BBAC1AE35494}"
EndProject
Project("{FAE04EC0-301F-11D3-BF4B-00C04F79EFBC}") = "MagicVilla_Web", "MagicVilla_Web\MagicVilla_Web.csproj", "{F4CAFA1E-7B17-4D70-A9E0-D9B1085443CB}"
EndProject
Project("{FAE04EC0-301F-11D3-BF4B-00C04F79EFBC}") = "MagicVilla_Utility", "MagicVilla_Utility\MagicVilla_Utility.csproj", "{1C8509B2-12CF-4A7D-8852-0169A1B8BEFA}"
EndProject
Global
	GlobalSection(SolutionConfigurationPlatforms) = preSolution
		Debug|Any CPU = Debug|Any CPU
		Release|Any CPU = Release|Any CPU
	EndGlobalSection
	GlobalSection(ProjectConfigurationPlatforms) = postSolution
		{54FB9AE3-A1C0-41CC-9C05-BBAC1AE35494}.Debug|Any CPU.ActiveCfg = Debug|Any CPU
		{54FB9AE3-A1C0-41CC-9C05-BBAC1AE35494}.Debug|Any CPU.Build.0 = Debug|Any CPU
		{54FB9AE3-A1C0-41CC-9C05-BBAC1AE35494}.Release|Any CPU.ActiveCfg = Release|Any CPU
		{54FB9AE3-A1C0-41CC-9C05-BBAC1AE35494}.Release|Any CPU.Build.0 = Release|Any CPU
		{F4CAFA1E-7B17-4D70-A9E0-D9B1085443CB}.Debug|Any CPU.ActiveCfg = Debug|Any CPU
		{F4CAFA1E-7B17-4D70-A9E0-D9B1085443CB}.Debug|Any CPU.Build.0 = Debug|Any CPU
		{F4CAFA1E-7B17-4D70-A9E0-D9B1085443CB}.Release|Any CPU.ActiveCfg = Release|Any CPU
		{F4CAFA1E-7B17-4D70-A9E0-D9B1085443CB}.Release|Any CPU.Build.0 = Release|Any CPU
		{1C8509B2-12CF-4A7D-8852-0169A1B8BEFA}.Debug|Any CPU.ActiveCfg = Debug|Any CPU
		{1C8509B2-12CF-4A7D-8852-0169A1B8BEFA}.Debug|Any CPU.Build.0 = Debug|Any CPU
		{1C8509B2-12CF-4A7D-8852-0169A1B8BEFA}.Release|Any CPU.ActiveCfg = Release|Any CPU
		{1C8509B2-12CF-4A7D-8852-0169A1B8BEFA}.Release|Any CPU.Build.0 = Release|Any CPU
	EndGlobalSection
	GlobalSection(SolutionProperties) = preSolution
		HideSolutionNode = FALSE
	EndGlobalSection
	GlobalSection(ExtensibilityGlobals) = postSolution
		SolutionGuid = {4A420D55-E5D9-4BFF-8CBD-4FEFF8CD1014}
	EndGlobalSection
EndGlobal
